// !$*UTF8*$!
{
	archiveVersion = 1;
	classes = {
	};
	objectVersion = 56;
	objects = {

/* Begin PBXBuildFile section */
		B30A4C0F297AA72300E84795 /* AppDelegate.swift in Sources */ = {isa = PBXBuildFile; fileRef = B30A4C0E297AA72300E84795 /* AppDelegate.swift */; };
		B30A4C11297AA72300E84795 /* ViewController.swift in Sources */ = {isa = PBXBuildFile; fileRef = B30A4C10297AA72300E84795 /* ViewController.swift */; };
		B30A4C13297AA72400E84795 /* Assets.xcassets in Resources */ = {isa = PBXBuildFile; fileRef = B30A4C12297AA72400E84795 /* Assets.xcassets */; };
		B30A4C16297AA72400E84795 /* Main.storyboard in Resources */ = {isa = PBXBuildFile; fileRef = B30A4C14297AA72400E84795 /* Main.storyboard */; };
		B30A4C1F297AA96B00E84795 /* script in Resources */ = {isa = PBXBuildFile; fileRef = B30A4C1E297AA96B00E84795 /* script */; };
		B331EE29297AEC49007C2B9D /* tsnode_script in Resources */ = {isa = PBXBuildFile; fileRef = B331EE28297AEC49007C2B9D /* tsnode_script */; };
		B331EE2B297AF6F5007C2B9D /* cleardata_script in Resources */ = {isa = PBXBuildFile; fileRef = B331EE2A297AF6F4007C2B9D /* cleardata_script */; };
		B376D28D297CC6490093CC9F /* terminate_script in Resources */ = {isa = PBXBuildFile; fileRef = B376D28C297CC6490093CC9F /* terminate_script */; };
		B3FE79FA297B75D0004C3646 /* StartViewController.swift in Sources */ = {isa = PBXBuildFile; fileRef = B3FE79F9297B75D0004C3646 /* StartViewController.swift */; };
/* End PBXBuildFile section */

/* Begin PBXFileReference section */
		B30A4C0B297AA72300E84795 /* OzgunScript.app */ = {isa = PBXFileReference; explicitFileType = wrapper.application; includeInIndex = 0; path = OzgunScript.app; sourceTree = BUILT_PRODUCTS_DIR; };
		B30A4C0E297AA72300E84795 /* AppDelegate.swift */ = {isa = PBXFileReference; lastKnownFileType = sourcecode.swift; path = AppDelegate.swift; sourceTree = "<group>"; };
		B30A4C10297AA72300E84795 /* ViewController.swift */ = {isa = PBXFileReference; lastKnownFileType = sourcecode.swift; path = ViewController.swift; sourceTree = "<group>"; };
		B30A4C12297AA72400E84795 /* Assets.xcassets */ = {isa = PBXFileReference; lastKnownFileType = folder.assetcatalog; path = Assets.xcassets; sourceTree = "<group>"; };
		B30A4C15297AA72400E84795 /* Base */ = {isa = PBXFileReference; lastKnownFileType = file.storyboard; name = Base; path = Base.lproj/Main.storyboard; sourceTree = "<group>"; };
		B30A4C17297AA72400E84795 /* OzgunScript.entitlements */ = {isa = PBXFileReference; lastKnownFileType = text.plist.entitlements; path = OzgunScript.entitlements; sourceTree = "<group>"; };
		B30A4C1E297AA96B00E84795 /* script */ = {isa = PBXFileReference; lastKnownFileType = text.script.sh; path = script; sourceTree = "<group>"; };
		B331EE28297AEC49007C2B9D /* tsnode_script */ = {isa = PBXFileReference; fileEncoding = 4; lastKnownFileType = text.script.sh; path = tsnode_script; sourceTree = "<group>"; };
		B331EE2A297AF6F4007C2B9D /* cleardata_script */ = {isa = PBXFileReference; fileEncoding = 4; lastKnownFileType = text.script.sh; path = cleardata_script; sourceTree = "<group>"; };
		B376D28C297CC6490093CC9F /* terminate_script */ = {isa = PBXFileReference; fileEncoding = 4; lastKnownFileType = text.script.sh; path = terminate_script; sourceTree = "<group>"; };
		B3FE79F9297B75D0004C3646 /* StartViewController.swift */ = {isa = PBXFileReference; lastKnownFileType = sourcecode.swift; path = StartViewController.swift; sourceTree = "<group>"; };
		B3FE79FB297B829A004C3646 /* Info.plist */ = {isa = PBXFileReference; lastKnownFileType = text.plist; path = Info.plist; sourceTree = "<group>"; };
/* End PBXFileReference section */

/* Begin PBXFrameworksBuildPhase section */
		B30A4C08297AA72300E84795 /* Frameworks */ = {
			isa = PBXFrameworksBuildPhase;
			buildActionMask = 2147483647;
			files = (
			);
			runOnlyForDeploymentPostprocessing = 0;
		};
/* End PBXFrameworksBuildPhase section */

/* Begin PBXGroup section */
		B30A4C02297AA72300E84795 = {
			isa = PBXGroup;
			children = (
				B30A4C0D297AA72300E84795 /* OzgunScript */,
				B30A4C0C297AA72300E84795 /* Products */,
			);
			sourceTree = "<group>";
		};
		B30A4C0C297AA72300E84795 /* Products */ = {
			isa = PBXGroup;
			children = (
				B30A4C0B297AA72300E84795 /* OzgunScript.app */,
			);
			name = Products;
			sourceTree = "<group>";
		};
		B30A4C0D297AA72300E84795 /* OzgunScript */ = {
			isa = PBXGroup;
			children = (
				B3FE79FB297B829A004C3646 /* Info.plist */,
				B30A4C1D297AA94500E84795 /* Scripts */,
				B30A4C0E297AA72300E84795 /* AppDelegate.swift */,
				B30A4C10297AA72300E84795 /* ViewController.swift */,
				B3FE79F9297B75D0004C3646 /* StartViewController.swift */,
				B30A4C12297AA72400E84795 /* Assets.xcassets */,
				B30A4C14297AA72400E84795 /* Main.storyboard */,
				B30A4C17297AA72400E84795 /* OzgunScript.entitlements */,
			);
			path = OzgunScript;
			sourceTree = "<group>";
		};
		B30A4C1D297AA94500E84795 /* Scripts */ = {
			isa = PBXGroup;
			children = (
				B30A4C1E297AA96B00E84795 /* script */,
				B331EE28297AEC49007C2B9D /* tsnode_script */,
				B331EE2A297AF6F4007C2B9D /* cleardata_script */,
				B376D28C297CC6490093CC9F /* terminate_script */,
			);
			path = Scripts;
			sourceTree = "<group>";
		};
/* End PBXGroup section */

/* Begin PBXNativeTarget section */
		B30A4C0A297AA72300E84795 /* OzgunScript */ = {
			isa = PBXNativeTarget;
			buildConfigurationList = B30A4C1A297AA72400E84795 /* Build configuration list for PBXNativeTarget "OzgunScript" */;
			buildPhases = (
				B30A4C07297AA72300E84795 /* Sources */,
				B30A4C08297AA72300E84795 /* Frameworks */,
				B30A4C09297AA72300E84795 /* Resources */,
			);
			buildRules = (
			);
			dependencies = (
			);
			name = OzgunScript;
			productName = OzgunScript;
			productReference = B30A4C0B297AA72300E84795 /* OzgunScript.app */;
			productType = "com.apple.product-type.application";
		};
/* End PBXNativeTarget section */

/* Begin PBXProject section */
		B30A4C03297AA72300E84795 /* Project object */ = {
			isa = PBXProject;
			attributes = {
				BuildIndependentTargetsInParallel = 1;
				LastSwiftUpdateCheck = 1410;
				LastUpgradeCheck = 1410;
				TargetAttributes = {
					B30A4C0A297AA72300E84795 = {
						CreatedOnToolsVersion = 14.1;
					};
				};
			};
			buildConfigurationList = B30A4C06297AA72300E84795 /* Build configuration list for PBXProject "OzgunScript" */;
			compatibilityVersion = "Xcode 14.0";
			developmentRegion = en;
			hasScannedForEncodings = 0;
			knownRegions = (
				en,
				Base,
			);
			mainGroup = B30A4C02297AA72300E84795;
			productRefGroup = B30A4C0C297AA72300E84795 /* Products */;
			projectDirPath = "";
			projectRoot = "";
			targets = (
				B30A4C0A297AA72300E84795 /* OzgunScript */,
			);
		};
/* End PBXProject section */

/* Begin PBXResourcesBuildPhase section */
		B30A4C09297AA72300E84795 /* Resources */ = {
			isa = PBXResourcesBuildPhase;
			buildActionMask = 2147483647;
			files = (
				B30A4C1F297AA96B00E84795 /* script in Resources */,
				B30A4C13297AA72400E84795 /* Assets.xcassets in Resources */,
				B331EE2B297AF6F5007C2B9D /* cleardata_script in Resources */,
				B331EE29297AEC49007C2B9D /* tsnode_script in Resources */,
				B30A4C16297AA72400E84795 /* Main.storyboard in Resources */,
				B376D28D297CC6490093CC9F /* terminate_script in Resources */,
			);
			runOnlyForDeploymentPostprocessing = 0;
		};
/* End PBXResourcesBuildPhase section */

/* Begin PBXSourcesBuildPhase section */
		B30A4C07297AA72300E84795 /* Sources */ = {
			isa = PBXSourcesBuildPhase;
			buildActionMask = 2147483647;
			files = (
				B30A4C11297AA72300E84795 /* ViewController.swift in Sources */,
				B30A4C0F297AA72300E84795 /* AppDelegate.swift in Sources */,
				B3FE79FA297B75D0004C3646 /* StartViewController.swift in Sources */,
			);
			runOnlyForDeploymentPostprocessing = 0;
		};
/* End PBXSourcesBuildPhase section */

/* Begin PBXVariantGroup section */
		B30A4C14297AA72400E84795 /* Main.storyboard */ = {
			isa = PBXVariantGroup;
			children = (
				B30A4C15297AA72400E84795 /* Base */,
			);
			name = Main.storyboard;
			sourceTree = "<group>";
		};
/* End PBXVariantGroup section */

/* Begin XCBuildConfiguration section */
		B30A4C18297AA72400E84795 /* Debug */ = {
			isa = XCBuildConfiguration;
			buildSettings = {
				ALWAYS_SEARCH_USER_PATHS = NO;
				CLANG_ANALYZER_NONNULL = YES;
				CLANG_ANALYZER_NUMBER_OBJECT_CONVERSION = YES_AGGRESSIVE;
				CLANG_CXX_LANGUAGE_STANDARD = "gnu++20";
				CLANG_ENABLE_MODULES = YES;
				CLANG_ENABLE_OBJC_ARC = YES;
				CLANG_ENABLE_OBJC_WEAK = YES;
				CLANG_WARN_BLOCK_CAPTURE_AUTORELEASING = YES;
				CLANG_WARN_BOOL_CONVERSION = YES;
				CLANG_WARN_COMMA = YES;
				CLANG_WARN_CONSTANT_CONVERSION = YES;
				CLANG_WARN_DEPRECATED_OBJC_IMPLEMENTATIONS = YES;
				CLANG_WARN_DIRECT_OBJC_ISA_USAGE = YES_ERROR;
				CLANG_WARN_DOCUMENTATION_COMMENTS = YES;
				CLANG_WARN_EMPTY_BODY = YES;
				CLANG_WARN_ENUM_CONVERSION = YES;
				CLANG_WARN_INFINITE_RECURSION = YES;
				CLANG_WARN_INT_CONVERSION = YES;
				CLANG_WARN_NON_LITERAL_NULL_CONVERSION = YES;
				CLANG_WARN_OBJC_IMPLICIT_RETAIN_SELF = YES;
				CLANG_WARN_OBJC_LITERAL_CONVERSION = YES;
				CLANG_WARN_OBJC_ROOT_CLASS = YES_ERROR;
				CLANG_WARN_QUOTED_INCLUDE_IN_FRAMEWORK_HEADER = YES;
				CLANG_WARN_RANGE_LOOP_ANALYSIS = YES;
				CLANG_WARN_STRICT_PROTOTYPES = YES;
				CLANG_WARN_SUSPICIOUS_MOVE = YES;
				CLANG_WARN_UNGUARDED_AVAILABILITY = YES_AGGRESSIVE;
				CLANG_WARN_UNREACHABLE_CODE = YES;
				CLANG_WARN__DUPLICATE_METHOD_MATCH = YES;
				COPY_PHASE_STRIP = NO;
				DEBUG_INFORMATION_FORMAT = dwarf;
				ENABLE_STRICT_OBJC_MSGSEND = YES;
				ENABLE_TESTABILITY = YES;
				GCC_C_LANGUAGE_STANDARD = gnu11;
				GCC_DYNAMIC_NO_PIC = NO;
				GCC_NO_COMMON_BLOCKS = YES;
				GCC_OPTIMIZATION_LEVEL = 0;
				GCC_PREPROCESSOR_DEFINITIONS = (
					"DEBUG=1",
					"$(inherited)",
				);
				GCC_WARN_64_TO_32_BIT_CONVERSION = YES;
				GCC_WARN_ABOUT_RETURN_TYPE = YES_ERROR;
				GCC_WARN_UNDECLARED_SELECTOR = YES;
				GCC_WARN_UNINITIALIZED_AUTOS = YES_AGGRESSIVE;
				GCC_WARN_UNUSED_FUNCTION = YES;
				GCC_WARN_UNUSED_VARIABLE = YES;
				MACOSX_DEPLOYMENT_TARGET = 12.6;
				MTL_ENABLE_DEBUG_INFO = INCLUDE_SOURCE;
				MTL_FAST_MATH = YES;
				ONLY_ACTIVE_ARCH = YES;
				SDKROOT = macosx;
				SWIFT_ACTIVE_COMPILATION_CONDITIONS = DEBUG;
				SWIFT_OPTIMIZATION_LEVEL = "-Onone";
			};
			name = Debug;
		};
		B30A4C19297AA72400E84795 /* Release */ = {
			isa = XCBuildConfiguration;
			buildSettings = {
				ALWAYS_SEARCH_USER_PATHS = NO;
				CLANG_ANALYZER_NONNULL = YES;
				CLANG_ANALYZER_NUMBER_OBJECT_CONVERSION = YES_AGGRESSIVE;
				CLANG_CXX_LANGUAGE_STANDARD = "gnu++20";
				CLANG_ENABLE_MODULES = YES;
				CLANG_ENABLE_OBJC_ARC = YES;
				CLANG_ENABLE_OBJC_WEAK = YES;
				CLANG_WARN_BLOCK_CAPTURE_AUTORELEASING = YES;
				CLANG_WARN_BOOL_CONVERSION = YES;
				CLANG_WARN_COMMA = YES;
				CLANG_WARN_CONSTANT_CONVERSION = YES;
				CLANG_WARN_DEPRECATED_OBJC_IMPLEMENTATIONS = YES;
				CLANG_WARN_DIRECT_OBJC_ISA_USAGE = YES_ERROR;
				CLANG_WARN_DOCUMENTATION_COMMENTS = YES;
				CLANG_WARN_EMPTY_BODY = YES;
				CLANG_WARN_ENUM_CONVERSION = YES;
				CLANG_WARN_INFINITE_RECURSION = YES;
				CLANG_WARN_INT_CONVERSION = YES;
				CLANG_WARN_NON_LITERAL_NULL_CONVERSION = YES;
				CLANG_WARN_OBJC_IMPLICIT_RETAIN_SELF = YES;
				CLANG_WARN_OBJC_LITERAL_CONVERSION = YES;
				CLANG_WARN_OBJC_ROOT_CLASS = YES_ERROR;
				CLANG_WARN_QUOTED_INCLUDE_IN_FRAMEWORK_HEADER = YES;
				CLANG_WARN_RANGE_LOOP_ANALYSIS = YES;
				CLANG_WARN_STRICT_PROTOTYPES = YES;
				CLANG_WARN_SUSPICIOUS_MOVE = YES;
				CLANG_WARN_UNGUARDED_AVAILABILITY = YES_AGGRESSIVE;
				CLANG_WARN_UNREACHABLE_CODE = YES;
				CLANG_WARN__DUPLICATE_METHOD_MATCH = YES;
				COPY_PHASE_STRIP = NO;
				DEBUG_INFORMATION_FORMAT = "dwarf-with-dsym";
				ENABLE_NS_ASSERTIONS = NO;
				ENABLE_STRICT_OBJC_MSGSEND = YES;
				GCC_C_LANGUAGE_STANDARD = gnu11;
				GCC_NO_COMMON_BLOCKS = YES;
				GCC_WARN_64_TO_32_BIT_CONVERSION = YES;
				GCC_WARN_ABOUT_RETURN_TYPE = YES_ERROR;
				GCC_WARN_UNDECLARED_SELECTOR = YES;
				GCC_WARN_UNINITIALIZED_AUTOS = YES_AGGRESSIVE;
				GCC_WARN_UNUSED_FUNCTION = YES;
				GCC_WARN_UNUSED_VARIABLE = YES;
				MACOSX_DEPLOYMENT_TARGET = 12.6;
				MTL_ENABLE_DEBUG_INFO = NO;
				MTL_FAST_MATH = YES;
				SDKROOT = macosx;
				SWIFT_COMPILATION_MODE = wholemodule;
				SWIFT_OPTIMIZATION_LEVEL = "-O";
			};
			name = Release;
		};
		B30A4C1B297AA72400E84795 /* Debug */ = {
			isa = XCBuildConfiguration;
			buildSettings = {
				ASSETCATALOG_COMPILER_APPICON_NAME = AppIcon;
				ASSETCATALOG_COMPILER_GLOBAL_ACCENT_COLOR_NAME = AccentColor;
				CODE_SIGN_ENTITLEMENTS = OzgunScript/OzgunScript.entitlements;
				"CODE_SIGN_IDENTITY[sdk=macosx*]" = "-";
				CODE_SIGN_STYLE = Automatic;
				COMBINE_HIDPI_IMAGES = YES;
				CURRENT_PROJECT_VERSION = 1;
				DEVELOPMENT_TEAM = SX6N2V8GWV;
				ENABLE_HARDENED_RUNTIME = YES;
				GENERATE_INFOPLIST_FILE = YES;
				INFOPLIST_FILE = OzgunScript/Info.plist;
				INFOPLIST_KEY_NSHumanReadableCopyright = "";
				INFOPLIST_KEY_NSMainStoryboardFile = Main;
				INFOPLIST_KEY_NSPrincipalClass = NSApplication;
				LD_RUNPATH_SEARCH_PATHS = (
					"$(inherited)",
					"@executable_path/../Frameworks",
				);
				MACOSX_DEPLOYMENT_TARGET = 10.15;
				MARKETING_VERSION = 1.0;
				PRODUCT_BUNDLE_IDENTIFIER = vn.ducdt.OzgunScript;
				PRODUCT_NAME = "$(TARGET_NAME)";
				SWIFT_EMIT_LOC_STRINGS = YES;
				SWIFT_VERSION = 5.0;
			};
			name = Debug;
		};
		B30A4C1C297AA72400E84795 /* Release */ = {
			isa = XCBuildConfiguration;
			buildSettings = {
				ASSETCATALOG_COMPILER_APPICON_NAME = AppIcon;
				ASSETCATALOG_COMPILER_GLOBAL_ACCENT_COLOR_NAME = AccentColor;
				CODE_SIGN_ENTITLEMENTS = OzgunScript/OzgunScript.entitlements;
				"CODE_SIGN_IDENTITY[sdk=macosx*]" = "-";
				CODE_SIGN_STYLE = Automatic;
				COMBINE_HIDPI_IMAGES = YES;
				CURRENT_PROJECT_VERSION = 1;
				DEVELOPMENT_TEAM = SX6N2V8GWV;
				ENABLE_HARDENED_RUNTIME = YES;
				GENERATE_INFOPLIST_FILE = YES;
				INFOPLIST_FILE = OzgunScript/Info.plist;
				INFOPLIST_KEY_NSHumanReadableCopyright = "";
				INFOPLIST_KEY_NSMainStoryboardFile = Main;
				INFOPLIST_KEY_NSPrincipalClass = NSApplication;
				LD_RUNPATH_SEARCH_PATHS = (
					"$(inherited)",
					"@executable_path/../Frameworks",
				);
				MACOSX_DEPLOYMENT_TARGET = 10.15;
				MARKETING_VERSION = 1.0;
				PRODUCT_BUNDLE_IDENTIFIER = vn.ducdt.OzgunScript;
				PRODUCT_NAME = "$(TARGET_NAME)";
				SWIFT_EMIT_LOC_STRINGS = YES;
				SWIFT_VERSION = 5.0;
			};
			name = Release;
		};
/* End XCBuildConfiguration section */

/* Begin XCConfigurationList section */
		B30A4C06297AA72300E84795 /* Build configuration list for PBXProject "OzgunScript" */ = {
			isa = XCConfigurationList;
			buildConfigurations = (
				B30A4C18297AA72400E84795 /* Debug */,
				B30A4C19297AA72400E84795 /* Release */,
			);
			defaultConfigurationIsVisible = 0;
			defaultConfigurationName = Release;
		};
		B30A4C1A297AA72400E84795 /* Build configuration list for PBXNativeTarget "OzgunScript" */ = {
			isa = XCConfigurationList;
			buildConfigurations = (
				B30A4C1B297AA72400E84795 /* Debug */,
				B30A4C1C297AA72400E84795 /* Release */,
			);
			defaultConfigurationIsVisible = 0;
			defaultConfigurationName = Release;
		};
/* End XCConfigurationList section */
	};
	rootObject = B30A4C03297AA72300E84795 /* Project object */;
}
